
Microsoft Visual Studio Solution File, Format Version 11.00
# Visual Studio 2010
Project("{8BC9CEB8-8B4A-11D0-8D11-00A0C91BC942}") = "Hercules", "Hercules.vcxproj", "{A0F495FF-9C35-4DFB-A51A-0427D8420779}"
EndProject
Global
	GlobalSection(SolutionConfigurationPlatforms) = preSolution
		All-All|Itanium = All-All|Itanium
		All-All|Win32 = All-All|Win32
		All-All|x64 = All-All|x64
		Debug|Itanium = Debug|Itanium
		Debug|Win32 = Debug|Win32
		Debug|x64 = Debug|x64
		Debug-All|Itanium = Debug-All|Itanium
		Debug-All|Win32 = Debug-All|Win32
		Debug-All|x64 = Debug-All|x64
		Release|Itanium = Release|Itanium
		Release|Win32 = Release|Win32
		Release|x64 = Release|x64
		Release-All|Itanium = Release-All|Itanium
		Release-All|Win32 = Release-All|Win32
		Release-All|x64 = Release-All|x64
	EndGlobalSection
	GlobalSection(ProjectConfigurationPlatforms) = postSolution
		{A0F495FF-9C35-4DFB-A51A-0427D8420779}.All-All|Itanium.ActiveCfg = All-All|Itanium
		{A0F495FF-9C35-4DFB-A51A-0427D8420779}.All-All|Itanium.Build.0 = All-All|Itanium
		{A0F495FF-9C35-4DFB-A51A-0427D8420779}.All-All|Win32.ActiveCfg = All-All|Win32
		{A0F495FF-9C35-4DFB-A51A-0427D8420779}.All-All|Win32.Build.0 = All-All|Win32
		{A0F495FF-9C35-4DFB-A51A-0427D8420779}.All-All|x64.ActiveCfg = All-All|x64
		{A0F495FF-9C35-4DFB-A51A-0427D8420779}.All-All|x64.Build.0 = All-All|x64
		{A0F495FF-9C35-4DFB-A51A-0427D8420779}.Debug|Itanium.ActiveCfg = Debug|Itanium
		{A0F495FF-9C35-4DFB-A51A-0427D8420779}.Debug|Itanium.Build.0 = Debug|Itanium
		{A0F495FF-9C35-4DFB-A51A-0427D8420779}.Debug|Win32.ActiveCfg = Debug|Win32
		{A0F495FF-9C35-4DFB-A51A-0427D8420779}.Debug|Win32.Build.0 = Debug|Win32
		{A0F495FF-9C35-4DFB-A51A-0427D8420779}.Debug|x64.ActiveCfg = Debug|x64
		{A0F495FF-9C35-4DFB-A51A-0427D8420779}.Debug|x64.Build.0 = Debug|x64
		{A0F495FF-9C35-4DFB-A51A-0427D8420779}.Debug-All|Itanium.ActiveCfg = Debug-All|Itanium
		{A0F495FF-9C35-4DFB-A51A-0427D8420779}.Debug-All|Itanium.Build.0 = Debug-All|Itanium
		{A0F495FF-9C35-4DFB-A51A-0427D8420779}.Debug-All|Win32.ActiveCfg = Debug-All|Win32
		{A0F495FF-9C35-4DFB-A51A-0427D8420779}.Debug-All|Win32.Build.0 = Debug-All|Win32
		{A0F495FF-9C35-4DFB-A51A-0427D8420779}.Debug-All|x64.ActiveCfg = Debug-All|x64
		{A0F495FF-9C35-4DFB-A51A-0427D8420779}.Debug-All|x64.Build.0 = Debug-All|x64
		{A0F495FF-9C35-4DFB-A51A-0427D8420779}.Release|Itanium.ActiveCfg = Release|Itanium
		{A0F495FF-9C35-4DFB-A51A-0427D8420779}.Release|Itanium.Build.0 = Release|Itanium
		{A0F495FF-9C35-4DFB-A51A-0427D8420779}.Release|Win32.ActiveCfg = Release|Win32
		{A0F495FF-9C35-4DFB-A51A-0427D8420779}.Release|Win32.Build.0 = Release|Win32
		{A0F495FF-9C35-4DFB-A51A-0427D8420779}.Release|x64.ActiveCfg = Release|x64
		{A0F495FF-9C35-4DFB-A51A-0427D8420779}.Release|x64.Build.0 = Release|x64
		{A0F495FF-9C35-4DFB-A51A-0427D8420779}.Release-All|Itanium.ActiveCfg = Release-All|Itanium
		{A0F495FF-9C35-4DFB-A51A-0427D8420779}.Release-All|Itanium.Build.0 = Release-All|Itanium
		{A0F495FF-9C35-4DFB-A51A-0427D8420779}.Release-All|Win32.ActiveCfg = Release-All|Win32
		{A0F495FF-9C35-4DFB-A51A-0427D8420779}.Release-All|Win32.Build.0 = Release-All|Win32
		{A0F495FF-9C35-4DFB-A51A-0427D8420779}.Release-All|x64.ActiveCfg = Release-All|x64
		{A0F495FF-9C35-4DFB-A51A-0427D8420779}.Release-All|x64.Build.0 = Release-All|x64
	EndGlobalSection
	GlobalSection(SolutionProperties) = preSolution
		HideSolutionNode = FALSE
	EndGlobalSection
EndGlobal
