<?xml version="1.0" encoding="utf-8"?>
<Project ToolsVersion="4.0" xmlns="http://schemas.microsoft.com/developer/msbuild/2003">
  <ItemGroup>
    <Filter Include="Source Files">
      <UniqueIdentifier>{5B799457-D8CE-492d-B610-D73BC167A0BF}</UniqueIdentifier>
      <Extensions>cpp;c;cc;cxx;def;odl;idl;hpj;bat;asm;asmx</Extensions>
    </Filter>
    <Filter Include="Source Files\Utilities">
      <UniqueIdentifier>{5e506d73-848f-472b-b316-248621986b67}</UniqueIdentifier>
    </Filter>
    <Filter Include="Source Files\Utilities\cmpsctst">
      <UniqueIdentifier>{CB697219-81FE-4ecd-8BF1-FE9DBFBE85FE}</UniqueIdentifier>
    </Filter>
    <Filter Include="Source Files\Hercules">
      <UniqueIdentifier>{00b04ad3-7bbc-4c0f-b3b9-42351a5a8e4c}</UniqueIdentifier>
    </Filter>
    <Filter Include="Source Files\Hercules\Crypto">
      <UniqueIdentifier>{223c6604-3ba4-4990-8936-b615551de449}</UniqueIdentifier>
    </Filter>
    <Filter Include="Source Files\Hercules\Crypto\Header Files">
      <UniqueIdentifier>{0b08cfd9-ef19-4e1d-8085-6663b58c8f7b}</UniqueIdentifier>
    </Filter>
    <Filter Include="Source Files\Hercules\Crypto\Source Files">
      <UniqueIdentifier>{abe72969-1879-438b-ba92-cda57c13634f}</UniqueIdentifier>
    </Filter>
    <Filter Include="Source Files\Hercules\decNumber">
      <UniqueIdentifier>{ff8a54db-7079-4586-a6db-3fba4426b934}</UniqueIdentifier>
    </Filter>
    <Filter Include="Source Files\Hercules\decNumber\Header Files">
      <UniqueIdentifier>{e037731c-c95b-421f-8085-ced0d6edd86e}</UniqueIdentifier>
    </Filter>
    <Filter Include="Source Files\Hercules\decNumber\Source Files">
      <UniqueIdentifier>{c261ec96-d446-4edb-b7d3-e3e83cfef433}</UniqueIdentifier>
    </Filter>
    <Filter Include="Source Files\Hercules\decNumber\Resource Files">
      <UniqueIdentifier>{69119aba-4c75-4c37-981c-4c341d1cd440}</UniqueIdentifier>
      <Extensions>.rc</Extensions>
      <ParseFiles>false</ParseFiles>
    </Filter>
    <Filter Include="Source Files\Hercules\Devices">
      <UniqueIdentifier>{c5dc447d-335e-4afc-83d0-14f8b1e34b98}</UniqueIdentifier>
    </Filter>
    <Filter Include="Source Files\Hercules\Devices\Con/Disp/Term">
      <UniqueIdentifier>{3ece977a-83fb-457b-9d57-71558fb4261c}</UniqueIdentifier>
    </Filter>
    <Filter Include="Source Files\Hercules\Devices\Con/Disp/Term\Header Files">
      <UniqueIdentifier>{e0b7ac78-be30-4854-8ee3-8e33d760a4af}</UniqueIdentifier>
    </Filter>
    <Filter Include="Source Files\Hercules\Devices\Con/Disp/Term\Source Files">
      <UniqueIdentifier>{91561f21-c548-472b-b4ae-b3e7b254ed6c}</UniqueIdentifier>
    </Filter>
    <Filter Include="Source Files\Hercules\Devices\CTC">
      <UniqueIdentifier>{b92bf444-267c-44d2-b5fa-9c49a355a8d0}</UniqueIdentifier>
    </Filter>
    <Filter Include="Source Files\Hercules\Devices\CTC\Header Files">
      <UniqueIdentifier>{0fa40def-cf20-4c14-a470-40c9b263f6ea}</UniqueIdentifier>
    </Filter>
    <Filter Include="Source Files\Hercules\Devices\CTC\Source Files">
      <UniqueIdentifier>{dbc3742b-d106-4392-b870-ea0528eab6a7}</UniqueIdentifier>
    </Filter>
    <Filter Include="Source Files\Hercules\Devices\Dasd">
      <UniqueIdentifier>{bd144fe0-5abb-4979-beb5-3069ec69cd66}</UniqueIdentifier>
    </Filter>
    <Filter Include="Source Files\Hercules\Devices\Dasd\Header Files">
      <UniqueIdentifier>{52907b77-e6c5-4aae-b3c9-6eb2b0319f93}</UniqueIdentifier>
    </Filter>
    <Filter Include="Source Files\Hercules\Devices\Dasd\Source Files">
      <UniqueIdentifier>{08b84c7b-ab78-407a-bde9-15856819cf67}</UniqueIdentifier>
    </Filter>
    <Filter Include="Source Files\Hercules\Devices\Tape">
      <UniqueIdentifier>{acfb34b4-0e43-41b7-9974-db97e092be42}</UniqueIdentifier>
    </Filter>
    <Filter Include="Source Files\Hercules\Devices\Tape\Header Files">
      <UniqueIdentifier>{e3dfce19-e72d-4ac5-bc37-2298e08496af}</UniqueIdentifier>
    </Filter>
    <Filter Include="Source Files\Hercules\Devices\Tape\Source Files">
      <UniqueIdentifier>{eda2c9f3-05f7-4439-917c-8178953e0f16}</UniqueIdentifier>
    </Filter>
    <Filter Include="Source Files\Hercules\Devices\Unit Record">
      <UniqueIdentifier>{d460b150-be39-4197-8750-2bba795e46da}</UniqueIdentifier>
    </Filter>
    <Filter Include="Source Files\Hercules\Devices\Unit Record\Header Files">
      <UniqueIdentifier>{228e84af-9a05-482c-8cb2-592809bf849f}</UniqueIdentifier>
    </Filter>
    <Filter Include="Source Files\Hercules\Devices\Unit Record\Source Files">
      <UniqueIdentifier>{14780a82-5988-45d3-8fc4-461cf6aef92d}</UniqueIdentifier>
    </Filter>
    <Filter Include="Source Files\Hercules\Emulation">
      <UniqueIdentifier>{b63849a5-6efd-4eae-92fc-e76cfcf9a06f}</UniqueIdentifier>
    </Filter>
    <Filter Include="Source Files\Hercules\Emulation\Source Files">
      <UniqueIdentifier>{d3b88367-af93-43e2-9076-7979319c2bb9}</UniqueIdentifier>
    </Filter>
    <Filter Include="Source Files\Hercules\Emulation\Header Files">
      <UniqueIdentifier>{38872dd1-fed0-43f6-a1f4-39f6e7f120c8}</UniqueIdentifier>
    </Filter>
    <Filter Include="Other Files">
      <UniqueIdentifier>{4582c3d2-22f4-41c1-887b-96f710fc4ef8}</UniqueIdentifier>
    </Filter>
    <Filter Include="Other Files\DOC">
      <UniqueIdentifier>{886585ee-388d-4f83-bd79-b4c9b25f540f}</UniqueIdentifier>
    </Filter>
    <Filter Include="Other Files\DOC\README">
      <UniqueIdentifier>{594f8e29-13f5-4ddb-b93b-2e360bb2c2c0}</UniqueIdentifier>
    </Filter>
    <Filter Include="Other Files\DOC\html">
      <UniqueIdentifier>{7cdfa340-f2fc-4f7e-9479-f5e12045f8e0}</UniqueIdentifier>
    </Filter>
    <Filter Include="Other Files\DOC\html\herc">
      <UniqueIdentifier>{17ba1ef8-deb5-4149-a88f-dd537bf3fc38}</UniqueIdentifier>
    </Filter>
    <Filter Include="Other Files\DOC\html\msgs">
      <UniqueIdentifier>{a1f59db4-8444-4502-8e5d-dc2ddced3306}</UniqueIdentifier>
    </Filter>
    <Filter Include="Other Files\Build">
      <UniqueIdentifier>{463c81a5-80de-4d30-ab52-3739be22efa6}</UniqueIdentifier>
    </Filter>
    <Filter Include="Other Files\Build\msvc">
      <UniqueIdentifier>{d83a04f3-6897-42a0-b295-d2b89e965729}</UniqueIdentifier>
    </Filter>
    <Filter Include="Other Files\Build\msvc\makefile includes">
      <UniqueIdentifier>{0b435682-c5e7-45b1-9b75-282374c119a1}</UniqueIdentifier>
    </Filter>
    <Filter Include="Other Files\Build\msvc\runjobs.jobs">
      <UniqueIdentifier>{de12fa28-0761-463e-9c44-db26219a5e7e}</UniqueIdentifier>
    </Filter>
    <Filter Include="Other Files\Build\other">
      <UniqueIdentifier>{e7a3b422-0f7f-4e86-a305-87436f2c3127}</UniqueIdentifier>
    </Filter>
    <Filter Include="Other Files\Utilities">
      <UniqueIdentifier>{a491fb48-858c-4adc-b36b-e3c15ab2ad00}</UniqueIdentifier>
    </Filter>
    <Filter Include="Other Files\tests">
      <UniqueIdentifier>{cb6d5ac7-8af0-4943-9a93-cc939b1f16be}</UniqueIdentifier>
    </Filter>
    <Filter Include="Other Files\tests\core">
      <UniqueIdentifier>{607ccc48-faf3-43d5-8ee6-6aa4ba74063f}</UniqueIdentifier>
    </Filter>
    <Filter Include="Other Files\tests\scripts">
      <UniqueIdentifier>{155c8b56-6a9a-4463-b60a-8cf6a871aaea}</UniqueIdentifier>
    </Filter>
    <Filter Include="Other Files\misc">
      <UniqueIdentifier>{f02acbfc-cdea-41b9-a093-fd3fe2bfaf10}</UniqueIdentifier>
    </Filter>
  </ItemGroup>
  <ItemGroup>
    <ClCompile Include="cckdcdsk.c">
      <Filter>Source Files\Utilities</Filter>
    </ClCompile>
    <ClCompile Include="cckdcomp.c">
      <Filter>Source Files\Utilities</Filter>
    </ClCompile>
    <ClCompile Include="cckddiag.c">
      <Filter>Source Files\Utilities</Filter>
    </ClCompile>
    <ClCompile Include="cckdfix.c">
      <Filter>Source Files\Utilities</Filter>
    </ClCompile>
    <ClCompile Include="cckdswap.c">
      <Filter>Source Files\Utilities</Filter>
    </ClCompile>
    <ClCompile Include="cmpsctst.h">
      <Filter>Source Files\Utilities\cmpsctst</Filter>
    </ClCompile>
    <ClCompile Include="cmpsctst.c">
      <Filter>Source Files\Utilities\cmpsctst</Filter>
    </ClCompile>
    <ClCompile Include="cmpsctst.cmd">
      <Filter>Source Files\Utilities\cmpsctst</Filter>
    </ClCompile>
    <ClCompile Include="cmpsctst.rexx">
      <Filter>Source Files\Utilities\cmpsctst</Filter>
    </ClCompile>
    <ClCompile Include="cmpsctst_stdinc.h">
      <Filter>Source Files\Utilities\cmpsctst</Filter>
    </ClCompile>
    <ClCompile Include="cmpsctst_cmpsc.c">
      <Filter>Source Files\Utilities\cmpsctst</Filter>
    </ClCompile>
    <ClCompile Include="cmpsctst_cmpsc_2012.c">
      <Filter>Source Files\Utilities\cmpsctst</Filter>
    </ClCompile>
    <ClCompile Include="cmpsctst_cmpscdbg.c">
      <Filter>Source Files\Utilities\cmpsctst</Filter>
    </ClCompile>
    <ClCompile Include="cmpsctst_cmpscdct.c">
      <Filter>Source Files\Utilities\cmpsctst</Filter>
    </ClCompile>
    <ClCompile Include="cmpsctst_cmpscget.c">
      <Filter>Source Files\Utilities\cmpsctst</Filter>
    </ClCompile>
    <ClCompile Include="cmpsctst_cmpscmem.c">
      <Filter>Source Files\Utilities\cmpsctst</Filter>
    </ClCompile>
    <ClCompile Include="cmpsctst_cmpscput.c">
      <Filter>Source Files\Utilities\cmpsctst</Filter>
    </ClCompile>
    <ClCompile Include="conspawn.c">
      <Filter>Source Files\Utilities</Filter>
    </ClCompile>
    <ClCompile Include="dasdcat.c">
      <Filter>Source Files\Utilities</Filter>
    </ClCompile>
    <ClCompile Include="dasdconv.c">
      <Filter>Source Files\Utilities</Filter>
    </ClCompile>
    <ClCompile Include="dasdcopy.c">
      <Filter>Source Files\Utilities</Filter>
    </ClCompile>
    <ClCompile Include="dasdinit.c">
      <Filter>Source Files\Utilities</Filter>
    </ClCompile>
    <ClCompile Include="dasdisup.c">
      <Filter>Source Files\Utilities</Filter>
    </ClCompile>
    <ClCompile Include="dasdload.c">
      <Filter>Source Files\Utilities</Filter>
    </ClCompile>
    <ClCompile Include="dasdls.c">
      <Filter>Source Files\Utilities</Filter>
    </ClCompile>
    <ClCompile Include="dasdpdsu.c">
      <Filter>Source Files\Utilities</Filter>
    </ClCompile>
    <ClCompile Include="dasdseq.c">
      <Filter>Source Files\Utilities</Filter>
    </ClCompile>
    <ClCompile Include="dmap2hrc.c">
      <Filter>Source Files\Utilities</Filter>
    </ClCompile>
    <ClCompile Include="herclin.c">
      <Filter>Source Files\Utilities</Filter>
    </ClCompile>
    <ClCompile Include="hetget.c">
      <Filter>Source Files\Utilities</Filter>
    </ClCompile>
    <ClCompile Include="hetinit.c">
      <Filter>Source Files\Utilities</Filter>
    </ClCompile>
    <ClCompile Include="hetmap.c">
      <Filter>Source Files\Utilities</Filter>
    </ClCompile>
    <ClCompile Include="hetupd.c">
      <Filter>Source Files\Utilities</Filter>
    </ClCompile>
    <ClCompile Include="tapecopy.c">
      <Filter>Source Files\Utilities</Filter>
    </ClCompile>
    <ClCompile Include="tapemap.c">
      <Filter>Source Files\Utilities</Filter>
    </ClCompile>
    <ClCompile Include="tapesplt.c">
      <Filter>Source Files\Utilities</Filter>
    </ClCompile>
    <ClCompile Include="vmfplc2.c">
      <Filter>Source Files\Utilities</Filter>
    </ClCompile>
    <ClCompile Include="crypto\aes.c">
      <Filter>Source Files\Hercules\Crypto\Source Files</Filter>
    </ClCompile>
    <ClCompile Include="crypto\des.c">
      <Filter>Source Files\Hercules\Crypto\Source Files</Filter>
    </ClCompile>
    <ClCompile Include="crypto\dyncrypt.c">
      <Filter>Source Files\Hercules\Crypto\Source Files</Filter>
    </ClCompile>
    <ClCompile Include="crypto\sha1.c">
      <Filter>Source Files\Hercules\Crypto\Source Files</Filter>
    </ClCompile>
    <ClCompile Include="crypto\sha256.c">
      <Filter>Source Files\Hercules\Crypto\Source Files</Filter>
    </ClCompile>
    <ClCompile Include="decNumber\decContext.c">
      <Filter>Source Files\Hercules\decNumber\Source Files</Filter>
    </ClCompile>
    <ClCompile Include="decNumber\decimal128.c">
      <Filter>Source Files\Hercules\decNumber\Source Files</Filter>
    </ClCompile>
    <ClCompile Include="decNumber\decimal32.c">
      <Filter>Source Files\Hercules\decNumber\Source Files</Filter>
    </ClCompile>
    <ClCompile Include="decNumber\decimal64.c">
      <Filter>Source Files\Hercules\decNumber\Source Files</Filter>
    </ClCompile>
    <ClCompile Include="decNumber\decNumber.c">
      <Filter>Source Files\Hercules\decNumber\Source Files</Filter>
    </ClCompile>
    <ClCompile Include="decNumber\decPacked.c">
      <Filter>Source Files\Hercules\decNumber\Source Files</Filter>
    </ClCompile>
    <ClCompile Include="con1052c.c">
      <Filter>Source Files\Hercules\Devices\Con/Disp/Term\Source Files</Filter>
    </ClCompile>
    <ClCompile Include="console.c">
      <Filter>Source Files\Hercules\Devices\Con/Disp/Term\Source Files</Filter>
    </ClCompile>
    <ClCompile Include="commadpt.c">
      <Filter>Source Files\Hercules\Devices\CTC\Source Files</Filter>
    </ClCompile>
    <ClCompile Include="ctc_ctci.c">
      <Filter>Source Files\Hercules\Devices\CTC\Source Files</Filter>
    </ClCompile>
    <ClCompile Include="ctc_lcs.c">
      <Filter>Source Files\Hercules\Devices\CTC\Source Files</Filter>
    </ClCompile>
    <ClCompile Include="ctcadpt.c">
      <Filter>Source Files\Hercules\Devices\CTC\Source Files</Filter>
    </ClCompile>
    <ClCompile Include="hercifc.c">
      <Filter>Source Files\Hercules\Devices\CTC\Source Files</Filter>
    </ClCompile>
    <ClCompile Include="qeth.c">
      <Filter>Source Files\Hercules\Devices\CTC\Source Files</Filter>
    </ClCompile>
    <ClCompile Include="tuntap.c">
      <Filter>Source Files\Hercules\Devices\CTC\Source Files</Filter>
    </ClCompile>
    <ClCompile Include="w32ctca.c">
      <Filter>Source Files\Hercules\Devices\CTC\Source Files</Filter>
    </ClCompile>
    <ClCompile Include="cckddasd.c">
      <Filter>Source Files\Hercules\Devices\Dasd\Source Files</Filter>
    </ClCompile>
    <ClCompile Include="cckdutil.c">
      <Filter>Source Files\Hercules\Devices\Dasd\Source Files</Filter>
    </ClCompile>
    <ClCompile Include="ckddasd.c">
      <Filter>Source Files\Hercules\Devices\Dasd\Source Files</Filter>
    </ClCompile>
    <ClCompile Include="dasdtab.c">
      <Filter>Source Files\Hercules\Devices\Dasd\Source Files</Filter>
    </ClCompile>
    <ClCompile Include="dasdutil.c">
      <Filter>Source Files\Hercules\Devices\Dasd\Source Files</Filter>
    </ClCompile>
    <ClCompile Include="fbadasd.c">
      <Filter>Source Files\Hercules\Devices\Dasd\Source Files</Filter>
    </ClCompile>
    <ClCompile Include="shared.c">
      <Filter>Source Files\Hercules\Devices\Dasd\Source Files</Filter>
    </ClCompile>
    <ClCompile Include="awstape.c">
      <Filter>Source Files\Hercules\Devices\Tape\Source Files</Filter>
    </ClCompile>
    <ClCompile Include="faketape.c">
      <Filter>Source Files\Hercules\Devices\Tape\Source Files</Filter>
    </ClCompile>
    <ClCompile Include="ftlib.c">
      <Filter>Source Files\Hercules\Devices\Tape\Source Files</Filter>
    </ClCompile>
    <ClCompile Include="hetlib.c">
      <Filter>Source Files\Hercules\Devices\Tape\Source Files</Filter>
    </ClCompile>
    <ClCompile Include="hettape.c">
      <Filter>Source Files\Hercules\Devices\Tape\Source Files</Filter>
    </ClCompile>
    <ClCompile Include="omatape.c">
      <Filter>Source Files\Hercules\Devices\Tape\Source Files</Filter>
    </ClCompile>
    <ClCompile Include="scsitape.c">
      <Filter>Source Files\Hercules\Devices\Tape\Source Files</Filter>
    </ClCompile>
    <ClCompile Include="sllib.c">
      <Filter>Source Files\Hercules\Devices\Tape\Source Files</Filter>
    </ClCompile>
    <ClCompile Include="tapeccws.c">
      <Filter>Source Files\Hercules\Devices\Tape\Source Files</Filter>
    </ClCompile>
    <ClCompile Include="tapedev.c">
      <Filter>Source Files\Hercules\Devices\Tape\Source Files</Filter>
    </ClCompile>
    <ClCompile Include="w32stape.c">
      <Filter>Source Files\Hercules\Devices\Tape\Source Files</Filter>
    </ClCompile>
    <ClCompile Include="cardpch.c">
      <Filter>Source Files\Hercules\Devices\Unit Record\Source Files</Filter>
    </ClCompile>
    <ClCompile Include="cardrdr.c">
      <Filter>Source Files\Hercules\Devices\Unit Record\Source Files</Filter>
    </ClCompile>
    <ClCompile Include="printer.c">
      <Filter>Source Files\Hercules\Devices\Unit Record\Source Files</Filter>
    </ClCompile>
    <ClCompile Include="sockdev.c">
      <Filter>Source Files\Hercules\Devices\Unit Record\Source Files</Filter>
    </ClCompile>
    <ClCompile Include="archlvl.c">
      <Filter>Source Files\Hercules\Emulation\Source Files</Filter>
    </ClCompile>
    <ClCompile Include="assist.c">
      <Filter>Source Files\Hercules\Emulation\Source Files</Filter>
    </ClCompile>
    <ClCompile Include="bldcfg.c">
      <Filter>Source Files\Hercules\Emulation\Source Files</Filter>
    </ClCompile>
    <ClCompile Include="bootstrap.c">
      <Filter>Source Files\Hercules\Emulation\Source Files</Filter>
    </ClCompile>
    <ClCompile Include="build_pch.c">
      <Filter>Source Files\Hercules\Emulation\Source Files</Filter>
    </ClCompile>
    <ClCompile Include="cache.c">
      <Filter>Source Files\Hercules\Emulation\Source Files</Filter>
    </ClCompile>
    <ClCompile Include="cgibin.c">
      <Filter>Source Files\Hercules\Emulation\Source Files</Filter>
    </ClCompile>
    <ClCompile Include="channel.c">
      <Filter>Source Files\Hercules\Emulation\Source Files</Filter>
    </ClCompile>
    <ClCompile Include="chsc.c">
      <Filter>Source Files\Hercules\Emulation\Source Files</Filter>
    </ClCompile>
    <ClCompile Include="clock.c">
      <Filter>Source Files\Hercules\Emulation\Source Files</Filter>
    </ClCompile>
    <ClCompile Include="cmdtab.c">
      <Filter>Source Files\Hercules\Emulation\Source Files</Filter>
    </ClCompile>
    <ClCompile Include="cmpsc.c">
      <Filter>Source Files\Hercules\Emulation\Source Files</Filter>
    </ClCompile>
    <ClCompile Include="codepage.c">
      <Filter>Source Files\Hercules\Emulation\Source Files</Filter>
    </ClCompile>
    <ClCompile Include="config.c">
      <Filter>Source Files\Hercules\Emulation\Source Files</Filter>
    </ClCompile>
    <ClCompile Include="control.c">
      <Filter>Source Files\Hercules\Emulation\Source Files</Filter>
    </ClCompile>
    <ClCompile Include="cpu.c">
      <Filter>Source Files\Hercules\Emulation\Source Files</Filter>
    </ClCompile>
    <ClCompile Include="crypto.c">
      <Filter>Source Files\Hercules\Emulation\Source Files</Filter>
    </ClCompile>
    <ClCompile Include="dat.c">
      <Filter>Source Files\Hercules\Emulation\Source Files</Filter>
    </ClCompile>
    <ClCompile Include="decimal.c">
      <Filter>Source Files\Hercules\Emulation\Source Files</Filter>
    </ClCompile>
    <ClCompile Include="dfp.c">
      <Filter>Source Files\Hercules\Emulation\Source Files</Filter>
    </ClCompile>
    <ClCompile Include="diagmssf.c">
      <Filter>Source Files\Hercules\Emulation\Source Files</Filter>
    </ClCompile>
    <ClCompile Include="diagnose.c">
      <Filter>Source Files\Hercules\Emulation\Source Files</Filter>
    </ClCompile>
    <ClCompile Include="dyngui.c">
      <Filter>Source Files\Hercules\Emulation\Source Files</Filter>
    </ClCompile>
    <ClCompile Include="dyninst.c">
      <Filter>Source Files\Hercules\Emulation\Source Files</Filter>
    </ClCompile>
    <ClCompile Include="ecpsvm.c">
      <Filter>Source Files\Hercules\Emulation\Source Files</Filter>
    </ClCompile>
    <ClCompile Include="esame.c">
      <Filter>Source Files\Hercules\Emulation\Source Files</Filter>
    </ClCompile>
    <ClCompile Include="external.c">
      <Filter>Source Files\Hercules\Emulation\Source Files</Filter>
    </ClCompile>
    <ClCompile Include="fillfnam.c">
      <Filter>Source Files\Hercules\Emulation\Source Files</Filter>
    </ClCompile>
    <ClCompile Include="float.c">
      <Filter>Source Files\Hercules\Emulation\Source Files</Filter>
    </ClCompile>
    <ClCompile Include="fthreads.c">
      <Filter>Source Files\Hercules\Emulation\Source Files</Filter>
    </ClCompile>
    <ClCompile Include="general1.c">
      <Filter>Source Files\Hercules\Emulation\Source Files</Filter>
    </ClCompile>
    <ClCompile Include="general2.c">
      <Filter>Source Files\Hercules\Emulation\Source Files</Filter>
    </ClCompile>
    <ClCompile Include="general3.c">
      <Filter>Source Files\Hercules\Emulation\Source Files</Filter>
    </ClCompile>
    <ClCompile Include="getopt.c">
      <Filter>Source Files\Hercules\Emulation\Source Files</Filter>
    </ClCompile>
    <ClCompile Include="hao.c">
      <Filter>Source Files\Hercules\Emulation\Source Files</Filter>
    </ClCompile>
    <ClCompile Include="hchan.c">
      <Filter>Source Files\Hercules\Emulation\Source Files</Filter>
    </ClCompile>
    <ClCompile Include="hconsole.c">
      <Filter>Source Files\Hercules\Emulation\Source Files</Filter>
    </ClCompile>
    <ClCompile Include="hdiagf18.c">
      <Filter>Source Files\Hercules\Emulation\Source Files</Filter>
    </ClCompile>
    <ClCompile Include="hdl.c">
      <Filter>Source Files\Hercules\Emulation\Source Files</Filter>
    </ClCompile>
    <ClCompile Include="hdlmain.c">
      <Filter>Source Files\Hercules\Emulation\Source Files</Filter>
    </ClCompile>
    <ClCompile Include="hdteq.c">
      <Filter>Source Files\Hercules\Emulation\Source Files</Filter>
    </ClCompile>
    <ClCompile Include="history.c">
      <Filter>Source Files\Hercules\Emulation\Source Files</Filter>
    </ClCompile>
    <ClCompile Include="hostinfo.c">
      <Filter>Source Files\Hercules\Emulation\Source Files</Filter>
    </ClCompile>
    <ClCompile Include="hsccmd.c">
      <Filter>Source Files\Hercules\Emulation\Source Files</Filter>
    </ClCompile>
    <ClCompile Include="hscemode.c">
      <Filter>Source Files\Hercules\Emulation\Source Files</Filter>
    </ClCompile>
    <ClCompile Include="hscloc.c">
      <Filter>Source Files\Hercules\Emulation\Source Files</Filter>
    </ClCompile>
    <ClCompile Include="hscmisc.c">
      <Filter>Source Files\Hercules\Emulation\Source Files</Filter>
    </ClCompile>
    <ClCompile Include="hscpufun.c">
      <Filter>Source Files\Hercules\Emulation\Source Files</Filter>
    </ClCompile>
    <ClCompile Include="hscutl.c">
      <Filter>Source Files\Hercules\Emulation\Source Files</Filter>
    </ClCompile>
    <ClCompile Include="hscutl2.c">
      <Filter>Source Files\Hercules\Emulation\Source Files</Filter>
    </ClCompile>
    <ClCompile Include="hsocket.c">
      <Filter>Source Files\Hercules\Emulation\Source Files</Filter>
    </ClCompile>
    <ClCompile Include="hsys.c">
      <Filter>Source Files\Hercules\Emulation\Source Files</Filter>
    </ClCompile>
    <ClCompile Include="httpserv.c">
      <Filter>Source Files\Hercules\Emulation\Source Files</Filter>
    </ClCompile>
    <ClCompile Include="ieee.c">
      <Filter>Source Files\Hercules\Emulation\Source Files</Filter>
    </ClCompile>
    <ClCompile Include="impl.c">
      <Filter>Source Files\Hercules\Emulation\Source Files</Filter>
    </ClCompile>
    <ClCompile Include="io.c">
      <Filter>Source Files\Hercules\Emulation\Source Files</Filter>
    </ClCompile>
    <ClCompile Include="ipl.c">
      <Filter>Source Files\Hercules\Emulation\Source Files</Filter>
    </ClCompile>
    <ClCompile Include="loadmem.c">
      <Filter>Source Files\Hercules\Emulation\Source Files</Filter>
    </ClCompile>
    <ClCompile Include="loadparm.c">
      <Filter>Source Files\Hercules\Emulation\Source Files</Filter>
    </ClCompile>
    <ClCompile Include="logger.c">
      <Filter>Source Files\Hercules\Emulation\Source Files</Filter>
    </ClCompile>
    <ClCompile Include="logmsg.c">
      <Filter>Source Files\Hercules\Emulation\Source Files</Filter>
    </ClCompile>
    <ClCompile Include="losc.c">
      <Filter>Source Files\Hercules\Emulation\Source Files</Filter>
    </ClCompile>
    <ClCompile Include="ltdl.c">
      <Filter>Source Files\Hercules\Emulation\Source Files</Filter>
    </ClCompile>
    <ClCompile Include="machchk.c">
      <Filter>Source Files\Hercules\Emulation\Source Files</Filter>
    </ClCompile>
    <ClCompile Include="memrchr.c">
      <Filter>Source Files\Hercules\Emulation\Source Files</Filter>
    </ClCompile>
    <ClCompile Include="opcode.c">
      <Filter>Source Files\Hercules\Emulation\Source Files</Filter>
    </ClCompile>
    <ClCompile Include="panel.c">
      <Filter>Source Files\Hercules\Emulation\Source Files</Filter>
    </ClCompile>
    <ClCompile Include="parser.c">
      <Filter>Source Files\Hercules\Emulation\Source Files</Filter>
    </ClCompile>
    <ClCompile Include="pfpo.c">
      <Filter>Source Files\Hercules\Emulation\Source Files</Filter>
    </ClCompile>
    <ClCompile Include="plo.c">
      <Filter>Source Files\Hercules\Emulation\Source Files</Filter>
    </ClCompile>
    <ClCompile Include="pttrace.c">
      <Filter>Source Files\Hercules\Emulation\Source Files</Filter>
    </ClCompile>
    <ClCompile Include="qdio.c">
      <Filter>Source Files\Hercules\Emulation\Source Files</Filter>
    </ClCompile>
    <ClCompile Include="mpc.c">
      <Filter>Source Files\Hercules\Emulation\Source Files</Filter>
    </ClCompile>
    <ClCompile Include="scedasd.c">
      <Filter>Source Files\Hercules\Emulation\Source Files</Filter>
    </ClCompile>
    <ClCompile Include="script.c">
      <Filter>Source Files\Hercules\Emulation\Source Files</Filter>
    </ClCompile>
    <ClCompile Include="service.c">
      <Filter>Source Files\Hercules\Emulation\Source Files</Filter>
    </ClCompile>
    <ClCompile Include="sie.c">
      <Filter>Source Files\Hercules\Emulation\Source Files</Filter>
    </ClCompile>
    <ClCompile Include="sr.c">
      <Filter>Source Files\Hercules\Emulation\Source Files</Filter>
    </ClCompile>
    <ClCompile Include="stack.c">
      <Filter>Source Files\Hercules\Emulation\Source Files</Filter>
    </ClCompile>
    <ClCompile Include="strsignal.c">
      <Filter>Source Files\Hercules\Emulation\Source Files</Filter>
    </ClCompile>
    <ClCompile Include="timer.c">
      <Filter>Source Files\Hercules\Emulation\Source Files</Filter>
    </ClCompile>
    <ClCompile Include="trace.c">
      <Filter>Source Files\Hercules\Emulation\Source Files</Filter>
    </ClCompile>
    <ClCompile Include="vector.c">
      <Filter>Source Files\Hercules\Emulation\Source Files</Filter>
    </ClCompile>
    <ClCompile Include="version.c">
      <Filter>Source Files\Hercules\Emulation\Source Files</Filter>
    </ClCompile>
    <ClCompile Include="vm.c">
      <Filter>Source Files\Hercules\Emulation\Source Files</Filter>
    </ClCompile>
    <ClCompile Include="vmd250.c">
      <Filter>Source Files\Hercules\Emulation\Source Files</Filter>
    </ClCompile>
    <ClCompile Include="vstore.c">
      <Filter>Source Files\Hercules\Emulation\Source Files</Filter>
    </ClCompile>
    <ClCompile Include="w32chan.c">
      <Filter>Source Files\Hercules\Emulation\Source Files</Filter>
    </ClCompile>
    <ClCompile Include="w32util.c">
      <Filter>Source Files\Hercules\Emulation\Source Files</Filter>
    </ClCompile>
    <ClCompile Include="wthreads.c">
      <Filter>Source Files\Hercules\Emulation\Source Files</Filter>
    </ClCompile>
    <ClCompile Include="xstore.c">
      <Filter>Source Files\Hercules\Emulation\Source Files</Filter>
    </ClCompile>
    <ClCompile Include="dyn76.c">
      <Filter>Source Files\Hercules\Emulation\Source Files</Filter>
    </ClCompile>
    <ClCompile Include="hRexx.c">
      <Filter>Source Files\Hercules\Rexx\Source Files</Filter>
    </ClCompile>
    <ClCompile Include="hRexx_o.c">
      <Filter>Source Files\Hercules\Rexx\Source Files</Filter>
    </ClCompile>
    <ClCompile Include="hRexx_r.c">
      <Filter>Source Files\Hercules\Rexx\Source Files</Filter>
    </ClCompile>
  </ItemGroup>
  <ItemGroup>
    <None Include="crypto\Makefile.am">
      <Filter>Source Files\Hercules\Crypto</Filter>
    </None>
    <None Include="decNumber\decnumber.pdf">
      <Filter>Source Files\Hercules\decNumber</Filter>
    </None>
    <None Include="decNumber\ICU-license.html">
      <Filter>Source Files\Hercules\decNumber</Filter>
    </None>
    <None Include="decNumber\Makefile.am">
      <Filter>Source Files\Hercules\decNumber</Filter>
    </None>
    <None Include="decNumber\readme.txt">
      <Filter>Source Files\Hercules\decNumber</Filter>
    </None>
    <None Include="hercules.ico">
      <Filter>Source Files\Hercules\decNumber\Resource Files</Filter>
    </None>
    <None Include="_TODO.txt">
      <Filter>Other Files\DOC</Filter>
    </None>
    <None Include="CHANGES">
      <Filter>Other Files\DOC</Filter>
    </None>
    <None Include="README.ISSUES">
      <Filter>Other Files\DOC</Filter>
    </None>
    <None Include="RELEASE.NOTES">
      <Filter>Other Files\DOC</Filter>
    </None>
    <None Include="README.AIX">
      <Filter>Other Files\DOC\README</Filter>
    </None>
    <None Include="README.COMMADPT">
      <Filter>Other Files\DOC\README</Filter>
    </None>
    <None Include="README.DYNMOD">
      <Filter>Other Files\DOC\README</Filter>
    </None>
    <None Include="README.ECPSVM">
      <Filter>Other Files\DOC\README</Filter>
    </None>
    <None Include="README.HAO">
      <Filter>Other Files\DOC\README</Filter>
    </None>
    <None Include="README.HDL">
      <Filter>Other Files\DOC\README</Filter>
    </None>
    <None Include="README.HERCLOGO">
      <Filter>Other Files\DOC\README</Filter>
    </None>
    <None Include="README.IOARCH">
      <Filter>Other Files\DOC\README</Filter>
    </None>
    <None Include="README.MINGW">
      <Filter>Other Files\DOC\README</Filter>
    </None>
    <None Include="README.MSVC">
      <Filter>Other Files\DOC\README</Filter>
    </None>
    <None Include="README.NETWORKING">
      <Filter>Other Files\DOC\README</Filter>
    </None>
    <None Include="README.OSX">
      <Filter>Other Files\DOC\README</Filter>
    </None>
    <None Include="README.REXX">
      <Filter>Other Files\DOC\README</Filter>
    </None>
    <None Include="README.SETUID">
      <Filter>Other Files\DOC\README</Filter>
    </None>
    <None Include="README.SUN">
      <Filter>Other Files\DOC\README</Filter>
    </None>
    <None Include="README.SVN">
      <Filter>Other Files\DOC\README</Filter>
    </None>
    <None Include="README.TAPE">
      <Filter>Other Files\DOC\README</Filter>
    </None>
    <None Include="README.WIN64">
      <Filter>Other Files\DOC\README</Filter>
    </None>
    <None Include="html\hercules.css">
      <Filter>Other Files\DOC\html</Filter>
    </None>
    <None Include="html\Makefile.am">
      <Filter>Other Files\DOC\html</Filter>
    </None>
    <None Include="html\cckddasd.html">
      <Filter>Other Files\DOC\html\herc</Filter>
    </None>
    <None Include="html\fishgui.html">
      <Filter>Other Files\DOC\html\herc</Filter>
    </None>
    <None Include="html\hercconf.html">
      <Filter>Other Files\DOC\html\herc</Filter>
    </None>
    <None Include="html\hercfaq.html">
      <Filter>Other Files\DOC\html\herc</Filter>
    </None>
    <None Include="html\hercinst.html">
      <Filter>Other Files\DOC\html\herc</Filter>
    </None>
    <None Include="html\herclic.html">
      <Filter>Other Files\DOC\html\herc</Filter>
    </None>
    <None Include="html\hercload.html">
      <Filter>Other Files\DOC\html\herc</Filter>
    </None>
    <None Include="html\hercnew.html">
      <Filter>Other Files\DOC\html\herc</Filter>
    </None>
    <None Include="html\hercrdr.html">
      <Filter>Other Files\DOC\html\herc</Filter>
    </None>
    <None Include="html\hercrnot.html">
      <Filter>Other Files\DOC\html\herc</Filter>
    </None>
    <None Include="html\hercsupp.html">
      <Filter>Other Files\DOC\html\herc</Filter>
    </None>
    <None Include="html\herctcp.html">
      <Filter>Other Files\DOC\html\herc</Filter>
    </None>
    <None Include="html\hercules.html">
      <Filter>Other Files\DOC\html\herc</Filter>
    </None>
    <None Include="html\index.html">
      <Filter>Other Files\DOC\html\herc</Filter>
    </None>
    <None Include="html\shared.html">
      <Filter>Other Files\DOC\html\herc</Filter>
    </None>
    <None Include="html\tasks.html">
      <Filter>Other Files\DOC\html\herc</Filter>
    </None>
    <None Include="html\hercmsca.html">
      <Filter>Other Files\DOC\html\msgs</Filter>
    </None>
    <None Include="html\hercmscf.html">
      <Filter>Other Files\DOC\html\msgs</Filter>
    </None>
    <None Include="html\hercmscp.html">
      <Filter>Other Files\DOC\html\msgs</Filter>
    </None>
    <None Include="html\hercmsct.html">
      <Filter>Other Files\DOC\html\msgs</Filter>
    </None>
    <None Include="html\hercmsda.html">
      <Filter>Other Files\DOC\html\msgs</Filter>
    </None>
    <None Include="html\hercmsdc.html">
      <Filter>Other Files\DOC\html\msgs</Filter>
    </None>
    <None Include="html\hercmsdg.html">
      <Filter>Other Files\DOC\html\msgs</Filter>
    </None>
    <None Include="html\hercmsdi.html">
      <Filter>Other Files\DOC\html\msgs</Filter>
    </None>
    <None Include="html\hercmsdl.html">
      <Filter>Other Files\DOC\html\msgs</Filter>
    </None>
    <None Include="html\hercmsds.html">
      <Filter>Other Files\DOC\html\msgs</Filter>
    </None>
    <None Include="html\hercmsdt.html">
      <Filter>Other Files\DOC\html\msgs</Filter>
    </None>
    <None Include="html\hercmsdu.html">
      <Filter>Other Files\DOC\html\msgs</Filter>
    </None>
    <None Include="html\hercmsg.html">
      <Filter>Other Files\DOC\html\msgs</Filter>
    </None>
    <None Include="html\hercmshd.html">
      <Filter>Other Files\DOC\html\msgs</Filter>
    </None>
    <None Include="html\hercmshe.html">
      <Filter>Other Files\DOC\html\msgs</Filter>
    </None>
    <None Include="html\hercmshg.html">
      <Filter>Other Files\DOC\html\msgs</Filter>
    </None>
    <None Include="html\hercmshm.html">
      <Filter>Other Files\DOC\html\msgs</Filter>
    </None>
    <None Include="html\hercmsht.html">
      <Filter>Other Files\DOC\html\msgs</Filter>
    </None>
    <None Include="html\hercmshu.html">
      <Filter>Other Files\DOC\html\msgs</Filter>
    </None>
    <None Include="html\hercmsif.html">
      <Filter>Other Files\DOC\html\msgs</Filter>
    </None>
    <None Include="html\hercmsin.html">
      <Filter>Other Files\DOC\html\msgs</Filter>
    </None>
    <None Include="html\hercmslc.html">
      <Filter>Other Files\DOC\html\msgs</Filter>
    </None>
    <None Include="html\hercmslg.html">
      <Filter>Other Files\DOC\html\msgs</Filter>
    </None>
    <None Include="html\hercmspn.html">
      <Filter>Other Files\DOC\html\msgs</Filter>
    </None>
    <None Include="html\hercmspr.html">
      <Filter>Other Files\DOC\html\msgs</Filter>
    </None>
    <None Include="html\hercmspu.html">
      <Filter>Other Files\DOC\html\msgs</Filter>
    </None>
    <None Include="html\hercmsrd.html">
      <Filter>Other Files\DOC\html\msgs</Filter>
    </None>
    <None Include="html\hercmssd.html">
      <Filter>Other Files\DOC\html\msgs</Filter>
    </None>
    <None Include="html\hercmsta.html">
      <Filter>Other Files\DOC\html\msgs</Filter>
    </None>
    <None Include="html\hercmstc.html">
      <Filter>Other Files\DOC\html\msgs</Filter>
    </None>
    <None Include="html\hercmste.html">
      <Filter>Other Files\DOC\html\msgs</Filter>
    </None>
    <None Include="html\hercmstm.html">
      <Filter>Other Files\DOC\html\msgs</Filter>
    </None>
    <None Include="html\hercmsts.html">
      <Filter>Other Files\DOC\html\msgs</Filter>
    </None>
    <None Include="html\hercmstt.html">
      <Filter>Other Files\DOC\html\msgs</Filter>
    </None>
    <None Include="html\hercmstu.html">
      <Filter>Other Files\DOC\html\msgs</Filter>
    </None>
    <None Include="html\hercmsvm.html">
      <Filter>Other Files\DOC\html\msgs</Filter>
    </None>
    <None Include="dynmake.bat">
      <Filter>Other Files\Build\msvc</Filter>
    </None>
    <None Include="makefile-dllmod.msvc">
      <Filter>Other Files\Build\msvc</Filter>
    </None>
    <None Include="makefile.bat">
      <Filter>Other Files\Build\msvc</Filter>
    </None>
    <None Include="makefile.msvc">
      <Filter>Other Files\Build\msvc</Filter>
    </None>
    <None Include="msvc.makefile.includes\BZIP2_DIR.msvc">
      <Filter>Other Files\Build\msvc\makefile includes</Filter>
    </None>
    <None Include="msvc.makefile.includes\BZIP2_FLAGS.msvc">
      <Filter>Other Files\Build\msvc\makefile includes</Filter>
    </None>
    <None Include="msvc.makefile.includes\BZIP2_RULES.msvc">
      <Filter>Other Files\Build\msvc\makefile includes</Filter>
    </None>
    <None Include="msvc.makefile.includes\CONFIG.msvc">
      <Filter>Other Files\Build\msvc\makefile includes</Filter>
    </None>
    <None Include="msvc.makefile.includes\DEBUG_RETAIL.msvc">
      <Filter>Other Files\Build\msvc\makefile includes</Filter>
    </None>
    <None Include="msvc.makefile.includes\HERC_FLAGS.msvc">
      <Filter>Other Files\Build\msvc\makefile includes</Filter>
    </None>
    <None Include="msvc.makefile.includes\HQA_DIR.msvc">
      <Filter>Other Files\Build\msvc\makefile includes</Filter>
    </None>
    <None Include="msvc.makefile.includes\HQA_FLAGS.msvc">
      <Filter>Other Files\Build\msvc\makefile includes</Filter>
    </None>
    <None Include="msvc.makefile.includes\MOD_RULES1.msvc">
      <Filter>Other Files\Build\msvc\makefile includes</Filter>
    </None>
    <None Include="msvc.makefile.includes\MOD_RULES2.msvc">
      <Filter>Other Files\Build\msvc\makefile includes</Filter>
    </None>
    <None Include="msvc.makefile.includes\MODULES.msvc">
      <Filter>Other Files\Build\msvc\makefile includes</Filter>
    </None>
    <None Include="msvc.makefile.includes\OBJ_CODE.msvc">
      <Filter>Other Files\Build\msvc\makefile includes</Filter>
    </None>
    <None Include="msvc.makefile.includes\OUTDIR_RULES.msvc">
      <Filter>Other Files\Build\msvc\makefile includes</Filter>
    </None>
    <None Include="msvc.makefile.includes\OUTPUT_DIRS.msvc">
      <Filter>Other Files\Build\msvc\makefile includes</Filter>
    </None>
    <None Include="msvc.makefile.includes\PCRE_DIR.msvc">
      <Filter>Other Files\Build\msvc\makefile includes</Filter>
    </None>
    <None Include="msvc.makefile.includes\PCRE_FLAGS.msvc">
      <Filter>Other Files\Build\msvc\makefile includes</Filter>
    </None>
    <None Include="msvc.makefile.includes\PCRE_RULES.msvc">
      <Filter>Other Files\Build\msvc\makefile includes</Filter>
    </None>
    <None Include="msvc.makefile.includes\PRIM_RULES.msvc">
      <Filter>Other Files\Build\msvc\makefile includes</Filter>
    </None>
    <None Include="msvc.makefile.includes\REXX_DIR.msvc">
      <Filter>Other Files\Build\msvc\makefile includes</Filter>
    </None>
    <None Include="msvc.makefile.includes\REXX_FLAGS.msvc">
      <Filter>Other Files\Build\msvc\makefile includes</Filter>
    </None>
    <None Include="msvc.makefile.includes\REXX_RULES.msvc">
      <Filter>Other Files\Build\msvc\makefile includes</Filter>
    </None>
    <None Include="msvc.makefile.includes\VERSION.msvc">
      <Filter>Other Files\Build\msvc\makefile includes</Filter>
    </None>
    <None Include="msvc.makefile.includes\ZLIB_DIR.msvc">
      <Filter>Other Files\Build\msvc\makefile includes</Filter>
    </None>
    <None Include="msvc.makefile.includes\ZLIB_FLAGS.msvc">
      <Filter>Other Files\Build\msvc\makefile includes</Filter>
    </None>
    <None Include="msvc.makefile.includes\ZLIB_RULES.msvc">
      <Filter>Other Files\Build\msvc\makefile includes</Filter>
    </None>
    <None Include="all-all.jobs">
      <Filter>Other Files\Build\msvc\runjobs.jobs</Filter>
    </None>
    <None Include="debug-all.jobs">
      <Filter>Other Files\Build\msvc\runjobs.jobs</Filter>
    </None>
    <None Include="retail-all.jobs">
      <Filter>Other Files\Build\msvc\runjobs.jobs</Filter>
    </None>
    <None Include="autogen.sh">
      <Filter>Other Files\Build\other</Filter>
    </None>
    <None Include="util\bldlvlck">
      <Filter>Other Files\Build\other</Filter>
    </None>
    <None Include="configure.ac">
      <Filter>Other Files\Build\other</Filter>
    </None>
    <None Include="autoconf\hercules.m4">
      <Filter>Other Files\Build\other</Filter>
    </None>
    <None Include="Makefile.am">
      <Filter>Other Files\Build\other</Filter>
    </None>
    <None Include="makefile.generic">
      <Filter>Other Files\Build\other</Filter>
    </None>
    <None Include="makefile.w32">
      <Filter>Other Files\Build\other</Filter>
    </None>
    <None Include="util\awssl-v19g">
      <Filter>Other Files\Utilities</Filter>
    </None>
    <None Include="util\awswrite.jcl">
      <Filter>Other Files\Utilities</Filter>
    </None>
    <None Include="util\cckddump.hla">
      <Filter>Other Files\Utilities</Filter>
    </None>
    <None Include="util\cckdload.hla">
      <Filter>Other Files\Utilities</Filter>
    </None>
    <None Include="util\dasdlist">
      <Filter>Other Files\Utilities</Filter>
    </None>
    <None Include="util\dasdlist.bat">
      <Filter>Other Files\Utilities</Filter>
    </None>
    <None Include="util\Makefile.am">
      <Filter>Other Files\Utilities</Filter>
    </None>
    <None Include="util\rawstape.jcl">
      <Filter>Other Files\Utilities</Filter>
    </None>
    <None Include="util\tapeconv.jcl">
      <Filter>Other Files\Utilities</Filter>
    </None>
    <None Include="util\TMOUNT.txt">
      <Filter>Other Files\Utilities</Filter>
    </None>
    <None Include="tests\Makefile.am">
      <Filter>Other Files\tests</Filter>
    </None>
    <None Include="tests\a.core">
      <Filter>Other Files\tests\core</Filter>
    </None>
    <None Include="tests\b.core">
      <Filter>Other Files\tests\core</Filter>
    </None>
    <None Include="tests\bctr.core">
      <Filter>Other Files\tests\core</Filter>
    </None>
    <None Include="tests\cpu0off.core">
      <Filter>Other Files\tests\core</Filter>
    </None>
    <None Include="tests\l.core">
      <Filter>Other Files\tests\core</Filter>
    </None>
    <None Include="tests\la.core">
      <Filter>Other Files\tests\core</Filter>
    </None>
    <None Include="tests\la2.core">
      <Filter>Other Files\tests\core</Filter>
    </None>
    <None Include="tests\mvc.core">
      <Filter>Other Files\tests\core</Filter>
    </None>
    <None Include="tests\sieve.core">
      <Filter>Other Files\tests\core</Filter>
    </None>
    <None Include="tests\st.core">
      <Filter>Other Files\tests\core</Filter>
    </None>
    <None Include="tests\alsi.txt">
      <Filter>Other Files\tests\scripts</Filter>
    </None>
    <None Include="tests\axtr.txt">
      <Filter>Other Files\tests\scripts</Filter>
    </None>
    <None Include="tests\brc.txt">
      <Filter>Other Files\tests\scripts</Filter>
    </None>
    <None Include="tests\cdfr.txt">
      <Filter>Other Files\tests\scripts</Filter>
    </None>
    <None Include="tests\cdgr.txt">
      <Filter>Other Files\tests\scripts</Filter>
    </None>
    <None Include="tests\cgdr.txt">
      <Filter>Other Files\tests\scripts</Filter>
    </None>
    <None Include="tests\cgdtr.txt">
      <Filter>Other Files\tests\scripts</Filter>
    </None>
    <None Include="tests\cger.txt">
      <Filter>Other Files\tests\scripts</Filter>
    </None>
    <None Include="tests\cgfrl.txt">
      <Filter>Other Files\tests\scripts</Filter>
    </None>
    <None Include="tests\cgxr.txt">
      <Filter>Other Files\tests\scripts</Filter>
    </None>
    <None Include="tests\cgxtr.txt">
      <Filter>Other Files\tests\scripts</Filter>
    </None>
    <None Include="tests\cpsdr.txt">
      <Filter>Other Files\tests\scripts</Filter>
    </None>
    <None Include="tests\csst.txt">
      <Filter>Other Files\tests\scripts</Filter>
    </None>
    <None Include="tests\cxgbr.txt">
      <Filter>Other Files\tests\scripts</Filter>
    </None>
    <None Include="tests\cxgtr.txt">
      <Filter>Other Files\tests\scripts</Filter>
    </None>
    <None Include="tests\dxtr.txt">
      <Filter>Other Files\tests\scripts</Filter>
    </None>
    <None Include="tests\epsw.txt">
      <Filter>Other Files\tests\scripts</Filter>
    </None>
    <None Include="tests\exrl.txt">
      <Filter>Other Files\tests\scripts</Filter>
    </None>
    <None Include="tests\fiebr.txt">
      <Filter>Other Files\tests\scripts</Filter>
    </None>
    <None Include="tests\fixtr.txt">
      <Filter>Other Files\tests\scripts</Filter>
    </None>
    <None Include="tests\iedtr.txt">
      <Filter>Other Files\tests\scripts</Filter>
    </None>
    <None Include="tests\kimd0.txt">
      <Filter>Other Files\tests\scripts</Filter>
    </None>
    <None Include="tests\kimd1.txt">
      <Filter>Other Files\tests\scripts</Filter>
    </None>
    <None Include="tests\kimd2.txt">
      <Filter>Other Files\tests\scripts</Filter>
    </None>
    <None Include="tests\kimd3.txt">
      <Filter>Other Files\tests\scripts</Filter>
    </None>
    <None Include="tests\klmd0.txt">
      <Filter>Other Files\tests\scripts</Filter>
    </None>
    <None Include="tests\klmd1.txt">
      <Filter>Other Files\tests\scripts</Filter>
    </None>
    <None Include="tests\klmd2.txt">
      <Filter>Other Files\tests\scripts</Filter>
    </None>
    <None Include="tests\klmd3.txt">
      <Filter>Other Files\tests\scripts</Filter>
    </None>
    <None Include="tests\km0.txt">
      <Filter>Other Files\tests\scripts</Filter>
    </None>
    <None Include="tests\km1.txt">
      <Filter>Other Files\tests\scripts</Filter>
    </None>
    <None Include="tests\km18.txt">
      <Filter>Other Files\tests\scripts</Filter>
    </None>
    <None Include="tests\km19.txt">
      <Filter>Other Files\tests\scripts</Filter>
    </None>
    <None Include="tests\km2.txt">
      <Filter>Other Files\tests\scripts</Filter>
    </None>
    <None Include="tests\km20.txt">
      <Filter>Other Files\tests\scripts</Filter>
    </None>
    <None Include="tests\km3.txt">
      <Filter>Other Files\tests\scripts</Filter>
    </None>
    <None Include="tests\kmac0.txt">
      <Filter>Other Files\tests\scripts</Filter>
    </None>
    <None Include="tests\kmac1.txt">
      <Filter>Other Files\tests\scripts</Filter>
    </None>
    <None Include="tests\kmac2.txt">
      <Filter>Other Files\tests\scripts</Filter>
    </None>
    <None Include="tests\kmac3.txt">
      <Filter>Other Files\tests\scripts</Filter>
    </None>
    <None Include="tests\kmc0.txt">
      <Filter>Other Files\tests\scripts</Filter>
    </None>
    <None Include="tests\kmc1.txt">
      <Filter>Other Files\tests\scripts</Filter>
    </None>
    <None Include="tests\kmc18.txt">
      <Filter>Other Files\tests\scripts</Filter>
    </None>
    <None Include="tests\kmc19.txt">
      <Filter>Other Files\tests\scripts</Filter>
    </None>
    <None Include="tests\kmc2.txt">
      <Filter>Other Files\tests\scripts</Filter>
    </None>
    <None Include="tests\kmc20.txt">
      <Filter>Other Files\tests\scripts</Filter>
    </None>
    <None Include="tests\kmc3.txt">
      <Filter>Other Files\tests\scripts</Filter>
    </None>
    <None Include="tests\kmc67.txt">
      <Filter>Other Files\tests\scripts</Filter>
    </None>
    <None Include="tests\ldetr.txt">
      <Filter>Other Files\tests\scripts</Filter>
    </None>
    <None Include="tests\ldxtr.txt">
      <Filter>Other Files\tests\scripts</Filter>
    </None>
    <None Include="tests\ledtr.txt">
      <Filter>Other Files\tests\scripts</Filter>
    </None>
    <None Include="tests\lfpc.txt">
      <Filter>Other Files\tests\scripts</Filter>
    </None>
    <None Include="tests\llhrl.txt">
      <Filter>Other Files\tests\scripts</Filter>
    </None>
    <None Include="tests\loop.txt">
      <Filter>Other Files\tests\scripts</Filter>
    </None>
    <None Include="tests\lxdtr.txt">
      <Filter>Other Files\tests\scripts</Filter>
    </None>
    <None Include="tests\maer.txt">
      <Filter>Other Files\tests\scripts</Filter>
    </None>
    <None Include="tests\mvcos.txt">
      <Filter>Other Files\tests\scripts</Filter>
    </None>
    <None Include="tests\mxtr.txt">
      <Filter>Other Files\tests\scripts</Filter>
    </None>
    <None Include="tests\prtest.txt">
      <Filter>Other Files\tests\scripts</Filter>
    </None>
    <None Include="tests\rnsbg.txt">
      <Filter>Other Files\tests\scripts</Filter>
    </None>
    <None Include="tests\rrdtr.txt">
      <Filter>Other Files\tests\scripts</Filter>
    </None>
    <None Include="tests\rrxtr.txt">
      <Filter>Other Files\tests\scripts</Filter>
    </None>
    <None Include="tests\srdt.txt">
      <Filter>Other Files\tests\scripts</Filter>
    </None>
    <None Include="tests\stfle.txt">
      <Filter>Other Files\tests\scripts</Filter>
    </None>
    <None Include="tests\stsi.txt">
      <Filter>Other Files\tests\scripts</Filter>
    </None>
    <None Include="tests\tapepos.txt">
      <Filter>Other Files\tests\scripts</Filter>
    </None>
    <None Include="tests\tbedr.txt">
      <Filter>Other Files\tests\scripts</Filter>
    </None>
    <None Include="tests\tdcdt.txt">
      <Filter>Other Files\tests\scripts</Filter>
    </None>
    <None Include="tests\tdgdt.txt">
      <Filter>Other Files\tests\scripts</Filter>
    </None>
    <None Include="tests\thder.txt">
      <Filter>Other Files\tests\scripts</Filter>
    </None>
    <None Include="tests\trte.txt">
      <Filter>Other Files\tests\scripts</Filter>
    </None>
    <None Include="herclogo.txt">
      <Filter>Other Files\misc</Filter>
    </None>
    <None Include="hercules.cnf">
      <Filter>Other Files\misc</Filter>
    </None>
    <None Include="README.HRAF">
      <Filter>Other Files\DOC\README</Filter>
    </None>
  </ItemGroup>
  <ItemGroup>
    <ClInclude Include="crypto\aes.h">
      <Filter>Source Files\Hercules\Crypto\Header Files</Filter>
    </ClInclude>
    <ClInclude Include="crypto\des.h">
      <Filter>Source Files\Hercules\Crypto\Header Files</Filter>
    </ClInclude>
    <ClInclude Include="crypto\sha1.h">
      <Filter>Source Files\Hercules\Crypto\Header Files</Filter>
    </ClInclude>
    <ClInclude Include="crypto\sha256.h">
      <Filter>Source Files\Hercules\Crypto\Header Files</Filter>
    </ClInclude>
    <ClInclude Include="decNumber\decContext.h">
      <Filter>Source Files\Hercules\decNumber\Header Files</Filter>
    </ClInclude>
    <ClInclude Include="decNumber\decDPD.h">
      <Filter>Source Files\Hercules\decNumber\Header Files</Filter>
    </ClInclude>
    <ClInclude Include="decNumber\decimal128.h">
      <Filter>Source Files\Hercules\decNumber\Header Files</Filter>
    </ClInclude>
    <ClInclude Include="decNumber\decimal32.h">
      <Filter>Source Files\Hercules\decNumber\Header Files</Filter>
    </ClInclude>
    <ClInclude Include="decNumber\decimal64.h">
      <Filter>Source Files\Hercules\decNumber\Header Files</Filter>
    </ClInclude>
    <ClInclude Include="decNumber\decNumber.h">
      <Filter>Source Files\Hercules\decNumber\Header Files</Filter>
    </ClInclude>
    <ClInclude Include="decNumber\decNumberLocal.h">
      <Filter>Source Files\Hercules\decNumber\Header Files</Filter>
    </ClInclude>
    <ClInclude Include="decNumber\decPacked.h">
      <Filter>Source Files\Hercules\decNumber\Header Files</Filter>
    </ClInclude>
    <ClInclude Include="commadpt.h">
      <Filter>Source Files\Hercules\Devices\CTC\Header Files</Filter>
    </ClInclude>
    <ClInclude Include="ctcadpt.h">
      <Filter>Source Files\Hercules\Devices\CTC\Header Files</Filter>
    </ClInclude>
    <ClInclude Include="hercifc.h">
      <Filter>Source Files\Hercules\Devices\CTC\Header Files</Filter>
    </ClInclude>
    <ClInclude Include="tt32api.h">
      <Filter>Source Files\Hercules\Devices\CTC\Header Files</Filter>
    </ClInclude>
    <ClInclude Include="qeth.h">
      <Filter>Source Files\Hercules\Devices\CTC\Header Files</Filter>
    </ClInclude>
    <ClInclude Include="tuntap.h">
      <Filter>Source Files\Hercules\Devices\CTC\Header Files</Filter>
    </ClInclude>
    <ClInclude Include="w32ctca.h">
      <Filter>Source Files\Hercules\Devices\CTC\Header Files</Filter>
    </ClInclude>
    <ClInclude Include="dasdblks.h">
      <Filter>Source Files\Hercules\Devices\Dasd\Header Files</Filter>
    </ClInclude>
    <ClInclude Include="dasdtab.h">
      <Filter>Source Files\Hercules\Devices\Dasd\Header Files</Filter>
    </ClInclude>
    <ClInclude Include="shared.h">
      <Filter>Source Files\Hercules\Devices\Dasd\Header Files</Filter>
    </ClInclude>
    <ClInclude Include="ftlib.h">
      <Filter>Source Files\Hercules\Devices\Tape\Header Files</Filter>
    </ClInclude>
    <ClInclude Include="hetlib.h">
      <Filter>Source Files\Hercules\Devices\Tape\Header Files</Filter>
    </ClInclude>
    <ClInclude Include="scsitape.h">
      <Filter>Source Files\Hercules\Devices\Tape\Header Files</Filter>
    </ClInclude>
    <ClInclude Include="sllib.h">
      <Filter>Source Files\Hercules\Devices\Tape\Header Files</Filter>
    </ClInclude>
    <ClInclude Include="tapedev.h">
      <Filter>Source Files\Hercules\Devices\Tape\Header Files</Filter>
    </ClInclude>
    <ClInclude Include="w32mtio.h">
      <Filter>Source Files\Hercules\Devices\Tape\Header Files</Filter>
    </ClInclude>
    <ClInclude Include="w32stape.h">
      <Filter>Source Files\Hercules\Devices\Tape\Header Files</Filter>
    </ClInclude>
    <ClInclude Include="sockdev.h">
      <Filter>Source Files\Hercules\Devices\Unit Record\Header Files</Filter>
    </ClInclude>
    <ClInclude Include="cache.h">
      <Filter>Source Files\Hercules\Emulation\Header Files</Filter>
    </ClInclude>
    <ClInclude Include="chsc.h">
      <Filter>Source Files\Hercules\Emulation\Header Files</Filter>
    </ClInclude>
    <ClInclude Include="clock.h">
      <Filter>Source Files\Hercules\Emulation\Header Files</Filter>
    </ClInclude>
    <ClInclude Include="cmdtab.h">
      <Filter>Source Files\Hercules\Emulation\Header Files</Filter>
    </ClInclude>
    <ClInclude Include="codepage.h">
      <Filter>Source Files\Hercules\Emulation\Header Files</Filter>
    </ClInclude>
    <ClInclude Include="cpuint.h">
      <Filter>Source Files\Hercules\Emulation\Header Files</Filter>
    </ClInclude>
    <ClInclude Include="dat.h">
      <Filter>Source Files\Hercules\Emulation\Header Files</Filter>
    </ClInclude>
    <ClInclude Include="dbgtrace.h">
      <Filter>Source Files\Hercules\Emulation\Header Files</Filter>
    </ClInclude>
    <ClInclude Include="devtype.h">
      <Filter>Source Files\Hercules\Emulation\Header Files</Filter>
    </ClInclude>
    <ClInclude Include="ecpsvm.h">
      <Filter>Source Files\Hercules\Emulation\Header Files</Filter>
    </ClInclude>
    <ClInclude Include="esa390.h">
      <Filter>Source Files\Hercules\Emulation\Header Files</Filter>
    </ClInclude>
    <ClInclude Include="feat370.h">
      <Filter>Source Files\Hercules\Emulation\Header Files</Filter>
    </ClInclude>
    <ClInclude Include="feat390.h">
      <Filter>Source Files\Hercules\Emulation\Header Files</Filter>
    </ClInclude>
    <ClInclude Include="feat900.h">
      <Filter>Source Files\Hercules\Emulation\Header Files</Filter>
    </ClInclude>
    <ClInclude Include="featall.h">
      <Filter>Source Files\Hercules\Emulation\Header Files</Filter>
    </ClInclude>
    <ClInclude Include="featchk.h">
      <Filter>Source Files\Hercules\Emulation\Header Files</Filter>
    </ClInclude>
    <ClInclude Include="feature.h">
      <Filter>Source Files\Hercules\Emulation\Header Files</Filter>
    </ClInclude>
    <ClInclude Include="fillfnam.h">
      <Filter>Source Files\Hercules\Emulation\Header Files</Filter>
    </ClInclude>
    <ClInclude Include="fthreads.h">
      <Filter>Source Files\Hercules\Emulation\Header Files</Filter>
    </ClInclude>
    <ClInclude Include="getopt.h">
      <Filter>Source Files\Hercules\Emulation\Header Files</Filter>
    </ClInclude>
    <ClInclude Include="hbyteswp.h">
      <Filter>Source Files\Hercules\Emulation\Header Files</Filter>
    </ClInclude>
    <ClInclude Include="hchan.h">
      <Filter>Source Files\Hercules\Emulation\Header Files</Filter>
    </ClInclude>
    <ClInclude Include="hconsole.h">
      <Filter>Source Files\Hercules\Emulation\Header Files</Filter>
    </ClInclude>
    <ClInclude Include="hconsts.h">
      <Filter>Source Files\Hercules\Emulation\Header Files</Filter>
    </ClInclude>
    <ClInclude Include="hdl.h">
      <Filter>Source Files\Hercules\Emulation\Header Files</Filter>
    </ClInclude>
    <ClInclude Include="herc_getopt.h">
      <Filter>Source Files\Hercules\Emulation\Header Files</Filter>
    </ClInclude>
    <ClInclude Include="hercules.h">
      <Filter>Source Files\Hercules\Emulation\Header Files</Filter>
    </ClInclude>
    <ClInclude Include="hercwind.h">
      <Filter>Source Files\Hercules\Emulation\Header Files</Filter>
    </ClInclude>
    <ClInclude Include="herror.h">
      <Filter>Source Files\Hercules\Emulation\Header Files</Filter>
    </ClInclude>
    <ClInclude Include="hextapi.h">
      <Filter>Source Files\Hercules\Emulation\Header Files</Filter>
    </ClInclude>
    <ClInclude Include="hexterns.h">
      <Filter>Source Files\Hercules\Emulation\Header Files</Filter>
    </ClInclude>
    <ClInclude Include="hinlines.h">
      <Filter>Source Files\Hercules\Emulation\Header Files</Filter>
    </ClInclude>
    <ClInclude Include="history.h">
      <Filter>Source Files\Hercules\Emulation\Header Files</Filter>
    </ClInclude>
    <ClInclude Include="hmacros.h">
      <Filter>Source Files\Hercules\Emulation\Header Files</Filter>
    </ClInclude>
    <ClInclude Include="hostinfo.h">
      <Filter>Source Files\Hercules\Emulation\Header Files</Filter>
    </ClInclude>
    <ClInclude Include="hostopts.h">
      <Filter>Source Files\Hercules\Emulation\Header Files</Filter>
    </ClInclude>
    <ClInclude Include="hqadefs.h">
      <Filter>Source Files\Hercules\Emulation\Header Files</Filter>
    </ClInclude>
    <ClInclude Include="hqainc.h">
      <Filter>Source Files\Hercules\Emulation\Header Files</Filter>
    </ClInclude>
    <ClInclude Include="hscutl.h">
      <Filter>Source Files\Hercules\Emulation\Header Files</Filter>
    </ClInclude>
    <ClInclude Include="hsocket.h">
      <Filter>Source Files\Hercules\Emulation\Header Files</Filter>
    </ClInclude>
    <ClInclude Include="hstdinc.h">
      <Filter>Source Files\Hercules\Emulation\Header Files</Filter>
    </ClInclude>
    <ClInclude Include="hstdint.h">
      <Filter>Source Files\Hercules\Emulation\Header Files</Filter>
    </ClInclude>
    <ClInclude Include="hstructs.h">
      <Filter>Source Files\Hercules\Emulation\Header Files</Filter>
    </ClInclude>
    <ClInclude Include="hthreads.h">
      <Filter>Source Files\Hercules\Emulation\Header Files</Filter>
    </ClInclude>
    <ClInclude Include="httpmisc.h">
      <Filter>Source Files\Hercules\Emulation\Header Files</Filter>
    </ClInclude>
    <ClInclude Include="htypes.h">
      <Filter>Source Files\Hercules\Emulation\Header Files</Filter>
    </ClInclude>
    <ClInclude Include="ieee-sol.h">
      <Filter>Source Files\Hercules\Emulation\Header Files</Filter>
    </ClInclude>
    <ClInclude Include="ieee-w32.h">
      <Filter>Source Files\Hercules\Emulation\Header Files</Filter>
    </ClInclude>
    <ClInclude Include="inline.h">
      <Filter>Source Files\Hercules\Emulation\Header Files</Filter>
    </ClInclude>
    <ClInclude Include="linklist.h">
      <Filter>Source Files\Hercules\Emulation\Header Files</Filter>
    </ClInclude>
    <ClInclude Include="logger.h">
      <Filter>Source Files\Hercules\Emulation\Header Files</Filter>
    </ClInclude>
    <ClInclude Include="ltdl.h">
      <Filter>Source Files\Hercules\Emulation\Header Files</Filter>
    </ClInclude>
    <ClInclude Include="machdep.h">
      <Filter>Source Files\Hercules\Emulation\Header Files</Filter>
    </ClInclude>
    <ClInclude Include="memrchr.h">
      <Filter>Source Files\Hercules\Emulation\Header Files</Filter>
    </ClInclude>
    <ClInclude Include="mpc.h">
      <Filter>Source Files\Hercules\Emulation\Header Files</Filter>
    </ClInclude>
    <ClInclude Include="msgenu.h">
      <Filter>Source Files\Hercules\Emulation\Header Files</Filter>
    </ClInclude>
    <ClInclude Include="opcode.h">
      <Filter>Source Files\Hercules\Emulation\Header Files</Filter>
    </ClInclude>
    <ClInclude Include="parser.h">
      <Filter>Source Files\Hercules\Emulation\Header Files</Filter>
    </ClInclude>
    <ClInclude Include="pttrace.h">
      <Filter>Source Files\Hercules\Emulation\Header Files</Filter>
    </ClInclude>
    <ClInclude Include="qdio.h">
      <Filter>Source Files\Hercules\Emulation\Header Files</Filter>
    </ClInclude>
    <ClInclude Include="service.h">
      <Filter>Source Files\Hercules\Emulation\Header Files</Filter>
    </ClInclude>
    <ClInclude Include="sr.h">
      <Filter>Source Files\Hercules\Emulation\Header Files</Filter>
    </ClInclude>
    <ClInclude Include="targetver.h">
      <Filter>Source Files\Hercules\Emulation\Header Files</Filter>
    </ClInclude>
    <ClInclude Include="version.h">
      <Filter>Source Files\Hercules\Emulation\Header Files</Filter>
    </ClInclude>
    <ClInclude Include="vstore.h">
      <Filter>Source Files\Hercules\Emulation\Header Files</Filter>
    </ClInclude>
    <ClInclude Include="w32chan.h">
      <Filter>Source Files\Hercules\Emulation\Header Files</Filter>
    </ClInclude>
    <ClInclude Include="w32dl.h">
      <Filter>Source Files\Hercules\Emulation\Header Files</Filter>
    </ClInclude>
    <ClInclude Include="w32util.h">
      <Filter>Source Files\Hercules\Emulation\Header Files</Filter>
    </ClInclude>
    <ClInclude Include="wthreads.h">
      <Filter>Source Files\Hercules\Emulation\Header Files</Filter>
    </ClInclude>
    <ClInclude Include="hdiagf18.h">
      <Filter>Source Files\Hercules\Emulation\Header Files</Filter>
    </ClInclude>
    <ClInclude Include="chain.h">
      <Filter>Source Files\Hercules\Emulation\Header Files</Filter>
    </ClInclude>
    <ClInclude Include="extstring.h">
      <Filter>Source Files\Hercules\Emulation\Header Files</Filter>
    </ClInclude>
    <ClInclude Include="hRexx.h">
      <Filter>Source Files\Hercules\Rexx\Header Files</Filter>
    </ClInclude>
    <ClInclude Include="hRexxapi.h">
      <Filter>Source Files\Hercules\Rexx\Header Files</Filter>
    </ClInclude>
    <ClInclude Include="cnsllogo.h">
      <Filter>Source Files\Hercules\Devices\Con/Disp/Term\Header Files</Filter>
    </ClInclude>
  </ItemGroup>
  <ItemGroup>
    <ResourceCompile Include="decNumber\decNumber.rc">
      <Filter>Source Files\Hercules\decNumber\Resource Files</Filter>
    </ResourceCompile>
    <ResourceCompile Include="hercver.rc">
      <Filter>Source Files\Hercules\decNumber\Resource Files</Filter>
    </ResourceCompile>
  </ItemGroup>
</Project>
