Microsoft Visual Studio Solution File, Format Version 8.00
Project("{8BC9CEB8-8B4A-11D0-8D11-00A0C91BC942}") = "hengine", "hengine\hengine.vcproj", "{CF66D3F8-3E41-4E73-A885-6559011FD212}"
	ProjectSection(ProjectDependencies) = postProject
		{95F9E227-0F1A-47BA-845B-7CEA908A3BF7} = {95F9E227-0F1A-47BA-845B-7CEA908A3BF7}
		{F4A9AF89-3DBC-4C0B-AC1F-1F7F3BC54A6C} = {F4A9AF89-3DBC-4C0B-AC1F-1F7F3BC54A6C}
		{EA4F318B-F732-4DE6-B42D-9435E9876E02} = {EA4F318B-F732-4DE6-B42D-9435E9876E02}
		{716E34DF-7307-417B-955D-66ACD6B89E12} = {716E34DF-7307-417B-955D-66ACD6B89E12}
	EndProjectSection
EndProject
Project("{8BC9CEB8-8B4A-11D0-8D11-00A0C91BC942}") = "hsys", "hsys\hsys.vcproj", "{EA4F318B-F732-4DE6-B42D-9435E9876E02}"
	ProjectSection(ProjectDependencies) = postProject
	EndProjectSection
EndProject
Project("{8BC9CEB8-8B4A-11D0-8D11-00A0C91BC942}") = "hutil", "hutil\hutil.vcproj", "{95F9E227-0F1A-47BA-845B-7CEA908A3BF7}"
	ProjectSection(ProjectDependencies) = postProject
		{EA4F318B-F732-4DE6-B42D-9435E9876E02} = {EA4F318B-F732-4DE6-B42D-9435E9876E02}
	EndProjectSection
EndProject
Project("{8BC9CEB8-8B4A-11D0-8D11-00A0C91BC942}") = "hdasd", "hdasd\hdasd.vcproj", "{F4A9AF89-3DBC-4C0B-AC1F-1F7F3BC54A6C}"
	ProjectSection(ProjectDependencies) = postProject
		{95F9E227-0F1A-47BA-845B-7CEA908A3BF7} = {95F9E227-0F1A-47BA-845B-7CEA908A3BF7}
		{EA4F318B-F732-4DE6-B42D-9435E9876E02} = {EA4F318B-F732-4DE6-B42D-9435E9876E02}
	EndProjectSection
EndProject
Project("{8BC9CEB8-8B4A-11D0-8D11-00A0C91BC942}") = "htape", "htape\htape.vcproj", "{716E34DF-7307-417B-955D-66ACD6B89E12}"
	ProjectSection(ProjectDependencies) = postProject
		{95F9E227-0F1A-47BA-845B-7CEA908A3BF7} = {95F9E227-0F1A-47BA-845B-7CEA908A3BF7}
	EndProjectSection
EndProject
Project("{8BC9CEB8-8B4A-11D0-8D11-00A0C91BC942}") = "hercules", "hercules\hercules.vcproj", "{84679890-80A7-4FD1-A1A8-EC9067CB6CC3}"
	ProjectSection(ProjectDependencies) = postProject
		{CF66D3F8-3E41-4E73-A885-6559011FD212} = {CF66D3F8-3E41-4E73-A885-6559011FD212}
	EndProjectSection
EndProject
Project("{8BC9CEB8-8B4A-11D0-8D11-00A0C91BC942}") = "hercwin", "hercwin\hercwin.vcproj", "{9FBAF204-3D7D-41D1-9595-C9F0F792565D}"
	ProjectSection(ProjectDependencies) = postProject
		{CF66D3F8-3E41-4E73-A885-6559011FD212} = {CF66D3F8-3E41-4E73-A885-6559011FD212}
	EndProjectSection
EndProject
Global
	GlobalSection(SolutionConfiguration) = preSolution
		Debug = Debug
		Release = Release
	EndGlobalSection
	GlobalSection(ProjectConfiguration) = postSolution
		{CF66D3F8-3E41-4E73-A885-6559011FD212}.Debug.ActiveCfg = Debug|Win32
		{CF66D3F8-3E41-4E73-A885-6559011FD212}.Debug.Build.0 = Debug|Win32
		{CF66D3F8-3E41-4E73-A885-6559011FD212}.Release.ActiveCfg = Release|Win32
		{CF66D3F8-3E41-4E73-A885-6559011FD212}.Release.Build.0 = Release|Win32
		{EA4F318B-F732-4DE6-B42D-9435E9876E02}.Debug.ActiveCfg = Debug|Win32
		{EA4F318B-F732-4DE6-B42D-9435E9876E02}.Debug.Build.0 = Debug|Win32
		{EA4F318B-F732-4DE6-B42D-9435E9876E02}.Release.ActiveCfg = Release|Win32
		{EA4F318B-F732-4DE6-B42D-9435E9876E02}.Release.Build.0 = Release|Win32
		{95F9E227-0F1A-47BA-845B-7CEA908A3BF7}.Debug.ActiveCfg = Debug|Win32
		{95F9E227-0F1A-47BA-845B-7CEA908A3BF7}.Debug.Build.0 = Debug|Win32
		{95F9E227-0F1A-47BA-845B-7CEA908A3BF7}.Release.ActiveCfg = Release|Win32
		{95F9E227-0F1A-47BA-845B-7CEA908A3BF7}.Release.Build.0 = Release|Win32
		{F4A9AF89-3DBC-4C0B-AC1F-1F7F3BC54A6C}.Debug.ActiveCfg = Debug|Win32
		{F4A9AF89-3DBC-4C0B-AC1F-1F7F3BC54A6C}.Debug.Build.0 = Debug|Win32
		{F4A9AF89-3DBC-4C0B-AC1F-1F7F3BC54A6C}.Release.ActiveCfg = Release|Win32
		{F4A9AF89-3DBC-4C0B-AC1F-1F7F3BC54A6C}.Release.Build.0 = Release|Win32
		{716E34DF-7307-417B-955D-66ACD6B89E12}.Debug.ActiveCfg = Debug|Win32
		{716E34DF-7307-417B-955D-66ACD6B89E12}.Debug.Build.0 = Debug|Win32
		{716E34DF-7307-417B-955D-66ACD6B89E12}.Release.ActiveCfg = Release|Win32
		{716E34DF-7307-417B-955D-66ACD6B89E12}.Release.Build.0 = Release|Win32
		{84679890-80A7-4FD1-A1A8-EC9067CB6CC3}.Debug.ActiveCfg = Debug|Win32
		{84679890-80A7-4FD1-A1A8-EC9067CB6CC3}.Debug.Build.0 = Debug|Win32
		{84679890-80A7-4FD1-A1A8-EC9067CB6CC3}.Release.ActiveCfg = Release|Win32
		{84679890-80A7-4FD1-A1A8-EC9067CB6CC3}.Release.Build.0 = Release|Win32
		{9FBAF204-3D7D-41D1-9595-C9F0F792565D}.Debug.ActiveCfg = Debug|Win32
		{9FBAF204-3D7D-41D1-9595-C9F0F792565D}.Debug.Build.0 = Debug|Win32
		{9FBAF204-3D7D-41D1-9595-C9F0F792565D}.Release.ActiveCfg = Release|Win32
		{9FBAF204-3D7D-41D1-9595-C9F0F792565D}.Release.Build.0 = Release|Win32
	EndGlobalSection
	GlobalSection(ExtensibilityGlobals) = postSolution
	EndGlobalSection
	GlobalSection(ExtensibilityAddIns) = postSolution
	EndGlobalSection
EndGlobal
